
Microsoft Visual Studio Solution File, Format Version 12.00
# Visual Studio Version 17
VisualStudioVersion = 17.14.36203.30 d17.14
MinimumVisualStudioVersion = 10.0.40219.1
Project("{FAE04EC0-301F-11D3-BF4B-00C04F79EFBC}") = "MadLab.QueryFilter.Demo.Console", "MadLab.QueryFilter.Demo.Console\MadLab.QueryFilter.Demo.Console.csproj", "{BEBF7797-8903-4DB9-9ED0-609C6FD04E0F}"
EndProject
Project("{FAE04EC0-301F-11D3-BF4B-00C04F79EFBC}") = "MadLab.QueryFilter.Domain", "MadLab.QueryFilter.Domain\MadLab.QueryFilter.Domain.csproj", "{9D0E5941-DF2C-4610-8904-137CC96F08A6}"
EndProject
Global
	GlobalSection(SolutionConfigurationPlatforms) = preSolution
		Debug|Any CPU = Debug|Any CPU
		Release|Any CPU = Release|Any CPU
	EndGlobalSection
	GlobalSection(ProjectConfigurationPlatforms) = postSolution
		{BEBF7797-8903-4DB9-9ED0-609C6FD04E0F}.Debug|Any CPU.ActiveCfg = Debug|Any CPU
		{BEBF7797-8903-4DB9-9ED0-609C6FD04E0F}.Debug|Any CPU.Build.0 = Debug|Any CPU
		{BEBF7797-8903-4DB9-9ED0-609C6FD04E0F}.Release|Any CPU.ActiveCfg = Release|Any CPU
		{BEBF7797-8903-4DB9-9ED0-609C6FD04E0F}.Release|Any CPU.Build.0 = Release|Any CPU
		{9D0E5941-DF2C-4610-8904-137CC96F08A6}.Debug|Any CPU.ActiveCfg = Debug|Any CPU
		{9D0E5941-DF2C-4610-8904-137CC96F08A6}.Debug|Any CPU.Build.0 = Debug|Any CPU
		{9D0E5941-DF2C-4610-8904-137CC96F08A6}.Release|Any CPU.ActiveCfg = Release|Any CPU
		{9D0E5941-DF2C-4610-8904-137CC96F08A6}.Release|Any CPU.Build.0 = Release|Any CPU
	EndGlobalSection
	GlobalSection(SolutionProperties) = preSolution
		HideSolutionNode = FALSE
	EndGlobalSection
	GlobalSection(ExtensibilityGlobals) = postSolution
		SolutionGuid = {20726ADF-9F53-49D7-8802-C28D8ED7B397}
	EndGlobalSection
EndGlobal
